
Microsoft Visual Studio Solution File, Format Version 12.00
# Visual Studio Version 16
VisualStudioVersion = 16.0.30804.86
MinimumVisualStudioVersion = 10.0.40219.1
Project("{FAE04EC0-301F-11D3-BF4B-00C04F79EFBC}") = "Homework18.01.2020", "Homework18.01.2020\Homework18.01.2020.csproj", "{6E49DB04-DC35-41B6-8499-9CE6F6BFDD76}"
EndProject
Global
	GlobalSection(SolutionConfigurationPlatforms) = preSolution
		Debug|Any CPU = Debug|Any CPU
		Release|Any CPU = Release|Any CPU
	EndGlobalSection
	GlobalSection(ProjectConfigurationPlatforms) = postSolution
		{6E49DB04-DC35-41B6-8499-9CE6F6BFDD76}.Debug|Any CPU.ActiveCfg = Debug|Any CPU
		{6E49DB04-DC35-41B6-8499-9CE6F6BFDD76}.Debug|Any CPU.Build.0 = Debug|Any CPU
		{6E49DB04-DC35-41B6-8499-9CE6F6BFDD76}.Release|Any CPU.ActiveCfg = Release|Any CPU
		{6E49DB04-DC35-41B6-8499-9CE6F6BFDD76}.Release|Any CPU.Build.0 = Release|Any CPU
	EndGlobalSection
	GlobalSection(SolutionProperties) = preSolution
		HideSolutionNode = FALSE
	EndGlobalSection
	GlobalSection(ExtensibilityGlobals) = postSolution
		SolutionGuid = {0E21CD7E-7BA6-4368-A3FA-30E6E3CCBB11}
	EndGlobalSection
EndGlobal
